lockfileVersion: 5.3

specifiers:
  '@types/node': 14.18.17
  typescript: 4.6.4

devDependencies:
  '@types/node': 14.18.17
  typescript: 4.6.4

packages:

  /@types/node/14.18.17:
    resolution: {integrity: sha512-oajWz4kOajqpKJMPgnCvBajPq8QAvl2xIWoFjlAJPKGu6n7pjov5SxGE45a+0RxHDoo4ycOMoZw1SCOWtDERbw==}
    dev: true

  /typescript/4.6.4:
    resolution: {integrity: sha512-9ia/jWHIEbo49HfjrLGfKbZSuWo9iTMwXO+Ca3pRsSpbsMbc7/IU8NKdCZVRRBafVPGnoJeFL76ZOAA84I9fEg==}
    engines: {node: '>=4.2.0'}
    hasBin: true
    dev: true
