lockfileVersion: 5.3

specifiers:
  '@types/node': 14.18.34
  typescript: 4.9.3

devDependencies:
  '@types/node': 14.18.34
  typescript: 4.9.3

packages:

  /@types/node/14.18.34:
    resolution: {integrity: sha512-hcU9AIQVHmPnmjRK+XUUYlILlr9pQrsqSrwov/JK1pnf3GTQowVBhx54FbvM0AU/VXGH4i3+vgXS5EguR7fysA==}
    dev: true

  /typescript/4.9.3:
    resolution: {integrity: sha512-CIfGzTelbKNEnLpLdGFgdyKhG23CKdKgQPOBc+OUNrkJ2vr+KSzsSV5kq5iWhEQbok+quxgGzrAtGWCyU7tHnA==}
    engines: {node: '>=4.2.0'}
    hasBin: true
    dev: true
